
Microsoft Visual Studio Solution File, Format Version 12.00
# Visual Studio Version 16
VisualStudioVersion = 16.0.30413.136
MinimumVisualStudioVersion = 10.0.40219.1
Project("{9A19103F-16F7-4668-BE54-9A1E7A4F7556}") = "F2020DiscussionAppGianni", "F2020DiscussionAppGianni\F2020DiscussionAppGianni.csproj", "{04EFC8C0-4EBD-4A1D-9604-A8D33647E22E}"
EndProject
Project("{9A19103F-16F7-4668-BE54-9A1E7A4F7556}") = "F2020DiscussionTestGianni", "F2020DiscussionTestGianni\F2020DiscussionTestGianni.csproj", "{92DA3AD8-5F9A-4605-AF48-E0A30A64FFB2}"
EndProject
Global
	GlobalSection(SolutionConfigurationPlatforms) = preSolution
		Debug|Any CPU = Debug|Any CPU
		Release|Any CPU = Release|Any CPU
	EndGlobalSection
	GlobalSection(ProjectConfigurationPlatforms) = postSolution
		{04EFC8C0-4EBD-4A1D-9604-A8D33647E22E}.Debug|Any CPU.ActiveCfg = Debug|Any CPU
		{04EFC8C0-4EBD-4A1D-9604-A8D33647E22E}.Debug|Any CPU.Build.0 = Debug|Any CPU
		{04EFC8C0-4EBD-4A1D-9604-A8D33647E22E}.Release|Any CPU.ActiveCfg = Release|Any CPU
		{04EFC8C0-4EBD-4A1D-9604-A8D33647E22E}.Release|Any CPU.Build.0 = Release|Any CPU
		{92DA3AD8-5F9A-4605-AF48-E0A30A64FFB2}.Debug|Any CPU.ActiveCfg = Debug|Any CPU
		{92DA3AD8-5F9A-4605-AF48-E0A30A64FFB2}.Debug|Any CPU.Build.0 = Debug|Any CPU
		{92DA3AD8-5F9A-4605-AF48-E0A30A64FFB2}.Release|Any CPU.ActiveCfg = Release|Any CPU
		{92DA3AD8-5F9A-4605-AF48-E0A30A64FFB2}.Release|Any CPU.Build.0 = Release|Any CPU
	EndGlobalSection
	GlobalSection(SolutionProperties) = preSolution
		HideSolutionNode = FALSE
	EndGlobalSection
	GlobalSection(ExtensibilityGlobals) = postSolution
		SolutionGuid = {3FF787EF-AEDC-4A9C-B8DE-21B46988EA3B}
	EndGlobalSection
EndGlobal
